
Microsoft Visual Studio Solution File, Format Version 12.00
# Visual Studio 15
VisualStudioVersion = 15.0.27428.2015
MinimumVisualStudioVersion = 10.0.40219.1
Project("{FAE04EC0-301F-11D3-BF4B-00C04F79EFBC}") = "CmdLineUninstallWindowsApp", "CmdLineUninstallWindowsApp\CmdLineUninstallWindowsApp.csproj", "{EA14EBA8-DAC7-48A5-BE37-E1647E8FE55F}"
EndProject
Global
	GlobalSection(SolutionConfigurationPlatforms) = preSolution
		Debug|Any CPU = Debug|Any CPU
		Release|Any CPU = Release|Any CPU
	EndGlobalSection
	GlobalSection(ProjectConfigurationPlatforms) = postSolution
		{EA14EBA8-DAC7-48A5-BE37-E1647E8FE55F}.Debug|Any CPU.ActiveCfg = Debug|Any CPU
		{EA14EBA8-DAC7-48A5-BE37-E1647E8FE55F}.Debug|Any CPU.Build.0 = Debug|Any CPU
		{EA14EBA8-DAC7-48A5-BE37-E1647E8FE55F}.Release|Any CPU.ActiveCfg = Release|Any CPU
		{EA14EBA8-DAC7-48A5-BE37-E1647E8FE55F}.Release|Any CPU.Build.0 = Release|Any CPU
	EndGlobalSection
	GlobalSection(SolutionProperties) = preSolution
		HideSolutionNode = FALSE
	EndGlobalSection
	GlobalSection(ExtensibilityGlobals) = postSolution
		SolutionGuid = {36883BF5-C97D-4BEF-8B4D-C1B38F51AD1F}
	EndGlobalSection
EndGlobal
